
Microsoft Visual Studio Solution File, Format Version 12.00
# Visual Studio Version 17
VisualStudioVersion = 17.8.34511.84
MinimumVisualStudioVersion = 10.0.40219.1
Project("{9A19103F-16F7-4668-BE54-9A1E7A4F7556}") = "SmartGarage", "SmartGarage\SmartGarage.csproj", "{EDB1FF4F-BD9E-4A04-A511-3104CC0A8731}"
EndProject
Project("{9A19103F-16F7-4668-BE54-9A1E7A4F7556}") = "SmartGarage.Data", "SmartGarage.Data\SmartGarage.Data.csproj", "{6700929E-7B80-4E4D-A051-D22E8F012F87}"
EndProject
Project("{9A19103F-16F7-4668-BE54-9A1E7A4F7556}") = "SmartGarage.Services", "SmartGarage.Services\SmartGarage.Services.csproj", "{1AD4D686-0352-49AF-8E57-035CF722CAA4}"
EndProject
Project("{9A19103F-16F7-4668-BE54-9A1E7A4F7556}") = "SmartGarage.WebAPI", "SmartGarage.WebAPI\SmartGarage.WebAPI.csproj", "{A2A4F457-97A5-430D-8D73-778AE2A242E1}"
EndProject
Project("{9A19103F-16F7-4668-BE54-9A1E7A4F7556}") = "SmartGarage.Common", "SmartGarage.Common\SmartGarage.Common.csproj", "{AE58B3BF-D6B6-4752-9B16-DDC2DEB147BE}"
EndProject
Project("{FAE04EC0-301F-11D3-BF4B-00C04F79EFBC}") = "SmartGarage.Utilities", "SmartGarage.Utilities\SmartGarage.Utilities.csproj", "{0435C6A4-5428-4074-9E42-B5F3EFED4CC0}"
EndProject
Project("{FAE04EC0-301F-11D3-BF4B-00C04F79EFBC}") = "SmartGarage.Tests", "SmartGarage.Tests\SmartGarage.Tests.csproj", "{22A0B4B4-0E3A-4096-9BFE-1615ABDC35CE}"
EndProject
Global
	GlobalSection(SolutionConfigurationPlatforms) = preSolution
		Debug|Any CPU = Debug|Any CPU
		Release|Any CPU = Release|Any CPU
	EndGlobalSection
	GlobalSection(ProjectConfigurationPlatforms) = postSolution
		{EDB1FF4F-BD9E-4A04-A511-3104CC0A8731}.Debug|Any CPU.ActiveCfg = Debug|Any CPU
		{EDB1FF4F-BD9E-4A04-A511-3104CC0A8731}.Debug|Any CPU.Build.0 = Debug|Any CPU
		{EDB1FF4F-BD9E-4A04-A511-3104CC0A8731}.Release|Any CPU.ActiveCfg = Release|Any CPU
		{EDB1FF4F-BD9E-4A04-A511-3104CC0A8731}.Release|Any CPU.Build.0 = Release|Any CPU
		{6700929E-7B80-4E4D-A051-D22E8F012F87}.Debug|Any CPU.ActiveCfg = Debug|Any CPU
		{6700929E-7B80-4E4D-A051-D22E8F012F87}.Debug|Any CPU.Build.0 = Debug|Any CPU
		{6700929E-7B80-4E4D-A051-D22E8F012F87}.Release|Any CPU.ActiveCfg = Release|Any CPU
		{6700929E-7B80-4E4D-A051-D22E8F012F87}.Release|Any CPU.Build.0 = Release|Any CPU
		{1AD4D686-0352-49AF-8E57-035CF722CAA4}.Debug|Any CPU.ActiveCfg = Debug|Any CPU
		{1AD4D686-0352-49AF-8E57-035CF722CAA4}.Debug|Any CPU.Build.0 = Debug|Any CPU
		{1AD4D686-0352-49AF-8E57-035CF722CAA4}.Release|Any CPU.ActiveCfg = Release|Any CPU
		{1AD4D686-0352-49AF-8E57-035CF722CAA4}.Release|Any CPU.Build.0 = Release|Any CPU
		{A2A4F457-97A5-430D-8D73-778AE2A242E1}.Debug|Any CPU.ActiveCfg = Debug|Any CPU
		{A2A4F457-97A5-430D-8D73-778AE2A242E1}.Debug|Any CPU.Build.0 = Debug|Any CPU
		{A2A4F457-97A5-430D-8D73-778AE2A242E1}.Release|Any CPU.ActiveCfg = Release|Any CPU
		{A2A4F457-97A5-430D-8D73-778AE2A242E1}.Release|Any CPU.Build.0 = Release|Any CPU
		{AE58B3BF-D6B6-4752-9B16-DDC2DEB147BE}.Debug|Any CPU.ActiveCfg = Debug|Any CPU
		{AE58B3BF-D6B6-4752-9B16-DDC2DEB147BE}.Debug|Any CPU.Build.0 = Debug|Any CPU
		{AE58B3BF-D6B6-4752-9B16-DDC2DEB147BE}.Release|Any CPU.ActiveCfg = Release|Any CPU
		{AE58B3BF-D6B6-4752-9B16-DDC2DEB147BE}.Release|Any CPU.Build.0 = Release|Any CPU
		{0435C6A4-5428-4074-9E42-B5F3EFED4CC0}.Debug|Any CPU.ActiveCfg = Debug|Any CPU
		{0435C6A4-5428-4074-9E42-B5F3EFED4CC0}.Debug|Any CPU.Build.0 = Debug|Any CPU
		{0435C6A4-5428-4074-9E42-B5F3EFED4CC0}.Release|Any CPU.ActiveCfg = Release|Any CPU
		{0435C6A4-5428-4074-9E42-B5F3EFED4CC0}.Release|Any CPU.Build.0 = Release|Any CPU
		{22A0B4B4-0E3A-4096-9BFE-1615ABDC35CE}.Debug|Any CPU.ActiveCfg = Debug|Any CPU
		{22A0B4B4-0E3A-4096-9BFE-1615ABDC35CE}.Debug|Any CPU.Build.0 = Debug|Any CPU
		{22A0B4B4-0E3A-4096-9BFE-1615ABDC35CE}.Release|Any CPU.ActiveCfg = Release|Any CPU
		{22A0B4B4-0E3A-4096-9BFE-1615ABDC35CE}.Release|Any CPU.Build.0 = Release|Any CPU
	EndGlobalSection
	GlobalSection(SolutionProperties) = preSolution
		HideSolutionNode = FALSE
	EndGlobalSection
	GlobalSection(ExtensibilityGlobals) = postSolution
		SolutionGuid = {E0BF963B-AB92-481E-83A6-37F4E987AA07}
	EndGlobalSection
EndGlobal
